
Microsoft Visual Studio Solution File, Format Version 12.00
# Visual Studio Version 16
VisualStudioVersion = 16.0.31515.178
MinimumVisualStudioVersion = 10.0.40219.1
Project("{9A19103F-16F7-4668-BE54-9A1E7A4F7556}") = "MvcMovie", "MvcMovie.csproj", "{19969151-BBA5-4373-8D4C-2EFAB96A88E0}"
EndProject
Global
	GlobalSection(SolutionConfigurationPlatforms) = preSolution
		Debug|Any CPU = Debug|Any CPU
		Release|Any CPU = Release|Any CPU
	EndGlobalSection
	GlobalSection(ProjectConfigurationPlatforms) = postSolution
		{19969151-BBA5-4373-8D4C-2EFAB96A88E0}.Debug|Any CPU.ActiveCfg = Debug|Any CPU
		{19969151-BBA5-4373-8D4C-2EFAB96A88E0}.Debug|Any CPU.Build.0 = Debug|Any CPU
		{19969151-BBA5-4373-8D4C-2EFAB96A88E0}.Release|Any CPU.ActiveCfg = Release|Any CPU
		{19969151-BBA5-4373-8D4C-2EFAB96A88E0}.Release|Any CPU.Build.0 = Release|Any CPU
	EndGlobalSection
	GlobalSection(SolutionProperties) = preSolution
		HideSolutionNode = FALSE
	EndGlobalSection
	GlobalSection(ExtensibilityGlobals) = postSolution
		SolutionGuid = {9C2EF279-F6A1-40B3-8E71-D57F224C9BA9}
	EndGlobalSection
EndGlobal
